
Microsoft Visual Studio Solution File, Format Version 12.00
# Visual Studio 15
VisualStudioVersion = 15.0.27130.2010
MinimumVisualStudioVersion = 10.0.40219.1
Project("{FAE04EC0-301F-11D3-BF4B-00C04F79EFBC}") = "IntegrationTestApplication", "IntegrationTestApplication\IntegrationTestApplication.csproj", "{953393F0-748B-494C-99B4-AB60FBECF0F0}"
EndProject
Project("{FAE04EC0-301F-11D3-BF4B-00C04F79EFBC}") = "IntegrationTests", "IntegrationTests\IntegrationTests.csproj", "{396B1B10-550B-426F-87C6-C7D6C22A8FDE}"
EndProject
Global
	GlobalSection(SolutionConfigurationPlatforms) = preSolution
		Debug|Any CPU = Debug|Any CPU
		Release|Any CPU = Release|Any CPU
	EndGlobalSection
	GlobalSection(ProjectConfigurationPlatforms) = postSolution
		{953393F0-748B-494C-99B4-AB60FBECF0F0}.Debug|Any CPU.ActiveCfg = Debug|Any CPU
		{953393F0-748B-494C-99B4-AB60FBECF0F0}.Debug|Any CPU.Build.0 = Debug|Any CPU
		{953393F0-748B-494C-99B4-AB60FBECF0F0}.Release|Any CPU.ActiveCfg = Release|Any CPU
		{953393F0-748B-494C-99B4-AB60FBECF0F0}.Release|Any CPU.Build.0 = Release|Any CPU
		{396B1B10-550B-426F-87C6-C7D6C22A8FDE}.Debug|Any CPU.ActiveCfg = Debug|Any CPU
		{396B1B10-550B-426F-87C6-C7D6C22A8FDE}.Debug|Any CPU.Build.0 = Debug|Any CPU
		{396B1B10-550B-426F-87C6-C7D6C22A8FDE}.Release|Any CPU.ActiveCfg = Release|Any CPU
		{396B1B10-550B-426F-87C6-C7D6C22A8FDE}.Release|Any CPU.Build.0 = Release|Any CPU
	EndGlobalSection
	GlobalSection(SolutionProperties) = preSolution
		HideSolutionNode = FALSE
	EndGlobalSection
	GlobalSection(ExtensibilityGlobals) = postSolution
		SolutionGuid = {F39480E1-DC43-4BF8-A4E2-293A37799F67}
	EndGlobalSection
EndGlobal
